
Microsoft Visual Studio Solution File, Format Version 12.00
# Visual Studio 15
VisualStudioVersion = 15.0.27703.2042
MinimumVisualStudioVersion = 10.0.40219.1
Project("{FAE04EC0-301F-11D3-BF4B-00C04F79EFBC}") = "MyWpfApplication", "MyWpfApplication\MyWpfApplication.csproj", "{60FD1969-4A87-4BBD-8AB1-6B17E252AB20}"
EndProject
Project("{930C7802-8A8C-48F9-8165-68863BCCD9DD}") = "MyWpfApplicationSetup", "MyWpfApplicationSetup\MyWpfApplicationSetup.wixproj", "{71C4FB47-62C5-4CB3-9DDB-7EA4321BCD7E}"
EndProject
Global
	GlobalSection(SolutionConfigurationPlatforms) = preSolution
		Debug|Any CPU = Debug|Any CPU
		Debug|x86 = Debug|x86
		Release|Any CPU = Release|Any CPU
		Release|x86 = Release|x86
	EndGlobalSection
	GlobalSection(ProjectConfigurationPlatforms) = postSolution
		{60FD1969-4A87-4BBD-8AB1-6B17E252AB20}.Debug|Any CPU.ActiveCfg = Debug|Any CPU
		{60FD1969-4A87-4BBD-8AB1-6B17E252AB20}.Debug|Any CPU.Build.0 = Debug|Any CPU
		{60FD1969-4A87-4BBD-8AB1-6B17E252AB20}.Debug|x86.ActiveCfg = Debug|Any CPU
		{60FD1969-4A87-4BBD-8AB1-6B17E252AB20}.Debug|x86.Build.0 = Debug|Any CPU
		{60FD1969-4A87-4BBD-8AB1-6B17E252AB20}.Release|Any CPU.ActiveCfg = Release|Any CPU
		{60FD1969-4A87-4BBD-8AB1-6B17E252AB20}.Release|Any CPU.Build.0 = Release|Any CPU
		{60FD1969-4A87-4BBD-8AB1-6B17E252AB20}.Release|x86.ActiveCfg = Release|Any CPU
		{60FD1969-4A87-4BBD-8AB1-6B17E252AB20}.Release|x86.Build.0 = Release|Any CPU
		{71C4FB47-62C5-4CB3-9DDB-7EA4321BCD7E}.Debug|Any CPU.ActiveCfg = Debug|x86
		{71C4FB47-62C5-4CB3-9DDB-7EA4321BCD7E}.Debug|x86.ActiveCfg = Debug|x86
		{71C4FB47-62C5-4CB3-9DDB-7EA4321BCD7E}.Debug|x86.Build.0 = Debug|x86
		{71C4FB47-62C5-4CB3-9DDB-7EA4321BCD7E}.Release|Any CPU.ActiveCfg = Release|x86
		{71C4FB47-62C5-4CB3-9DDB-7EA4321BCD7E}.Release|x86.ActiveCfg = Release|x86
		{71C4FB47-62C5-4CB3-9DDB-7EA4321BCD7E}.Release|x86.Build.0 = Release|x86
	EndGlobalSection
	GlobalSection(SolutionProperties) = preSolution
		HideSolutionNode = FALSE
	EndGlobalSection
	GlobalSection(ExtensibilityGlobals) = postSolution
		SolutionGuid = {B5CDC60A-3533-4EC7-9244-D0ADCCA74CCB}
	EndGlobalSection
EndGlobal
